{
  "lockfileVersion": 1,
  "dependencies": {
    "jsfile": {
      "version": "0.1.17",
      "resolved": "https://registry.npmjs.org/jsfile/-/jsfile-0.1.17.tgz",
      "integrity": "sha1-lFSoNQhCxvxcBmEdqbzVB5QX1Xw="
    },
    "jstask": {
      "version": "1.0.3",
      "resolved": "https://registry.npmjs.org/jstask/-/jstask-1.0.3.tgz",
      "integrity": "sha1-FdMGnDRjvnWrPgnlt1gMEdA74ow="
    }
  }
}
